
Microsoft Visual Studio Solution File, Format Version 12.00
# Visual Studio Version 17
VisualStudioVersion = 17.14.36429.23 d17.14
MinimumVisualStudioVersion = 10.0.40219.1
Project("{FAE04EC0-301F-11D3-BF4B-00C04F79EFBC}") = "SportsLeague.Domain", "SportsLeague.Domain\SportsLeague.Domain.csproj", "{F42AB458-D0C3-4B8C-81BA-7EF4402BB053}"
EndProject
Project("{FAE04EC0-301F-11D3-BF4B-00C04F79EFBC}") = "SportsLeague.DataAccess", "SportsLeague.DataAccess\SportsLeague.DataAccess.csproj", "{22C9646D-9275-44F3-882E-9C959439534F}"
EndProject
Project("{FAE04EC0-301F-11D3-BF4B-00C04F79EFBC}") = "SportsLeague.API", "SportsLeague.API\SportsLeague.API.csproj", "{D9DC8407-E0E6-4034-936E-4656A37DD56E}"
EndProject
Global
	GlobalSection(SolutionConfigurationPlatforms) = preSolution
		Debug|Any CPU = Debug|Any CPU
		Release|Any CPU = Release|Any CPU
	EndGlobalSection
	GlobalSection(ProjectConfigurationPlatforms) = postSolution
		{F42AB458-D0C3-4B8C-81BA-7EF4402BB053}.Debug|Any CPU.ActiveCfg = Debug|Any CPU
		{F42AB458-D0C3-4B8C-81BA-7EF4402BB053}.Debug|Any CPU.Build.0 = Debug|Any CPU
		{F42AB458-D0C3-4B8C-81BA-7EF4402BB053}.Release|Any CPU.ActiveCfg = Release|Any CPU
		{F42AB458-D0C3-4B8C-81BA-7EF4402BB053}.Release|Any CPU.Build.0 = Release|Any CPU
		{22C9646D-9275-44F3-882E-9C959439534F}.Debug|Any CPU.ActiveCfg = Debug|Any CPU
		{22C9646D-9275-44F3-882E-9C959439534F}.Debug|Any CPU.Build.0 = Debug|Any CPU
		{22C9646D-9275-44F3-882E-9C959439534F}.Release|Any CPU.ActiveCfg = Release|Any CPU
		{22C9646D-9275-44F3-882E-9C959439534F}.Release|Any CPU.Build.0 = Release|Any CPU
		{D9DC8407-E0E6-4034-936E-4656A37DD56E}.Debug|Any CPU.ActiveCfg = Debug|Any CPU
		{D9DC8407-E0E6-4034-936E-4656A37DD56E}.Debug|Any CPU.Build.0 = Debug|Any CPU
		{D9DC8407-E0E6-4034-936E-4656A37DD56E}.Release|Any CPU.ActiveCfg = Release|Any CPU
		{D9DC8407-E0E6-4034-936E-4656A37DD56E}.Release|Any CPU.Build.0 = Release|Any CPU
	EndGlobalSection
	GlobalSection(SolutionProperties) = preSolution
		HideSolutionNode = FALSE
	EndGlobalSection
	GlobalSection(ExtensibilityGlobals) = postSolution
		SolutionGuid = {56AE2D8C-F62A-4436-942F-3587CF3AF834}
	EndGlobalSection
EndGlobal
